# This file is automatically @generated by Cargo.
# It is not intended for manual editing.
version = 3

[[package]]
name = "byteorder"
version = "1.4.3"
source = "registry+https://github.com/rust-lang/crates.io-index"
checksum = "14c189c53d098945499cdfa7ecc63567cf3886b3332b312a5b4585d8d3a6a610"

[[package]]
name = "magelang"
version = "0.1.0"
dependencies = [
 "quick-protobuf",
]

[[package]]
name = "quick-protobuf"
version = "0.8.0"
source = "registry+https://github.com/rust-lang/crates.io-index"
checksum = "6ca6639207ac869e31cca06b8adbc7676278f22b321e51115766009b4f192dbb"
dependencies = [
 "byteorder",
]
